{
  "name": "weeksix",
  "version": "1.0.0",
  "lockfileVersion": 1,
  "requires": true,
  "dependencies": {
    "@popmotion/easing": {
      "version": "1.0.1",
      "resolved": "https://registry.npmjs.org/@popmotion/easing/-/easing-1.0.1.tgz",
      "integrity": "sha512-NbIEz9mZAem0F0sjg2v57LbU9Y2Xc50QEX434jYrwEQzXJuJipyUV48Qz4hjHqbB/8xiUj0JMQfRvP8K9nUbxg=="
    },
    "@popmotion/popcorn": {
      "version": "0.1.2",
      "resolved": "https://registry.npmjs.org/@popmotion/popcorn/-/popcorn-0.1.2.tgz",
      "integrity": "sha512-WJ9I7ce7oAQ6NPqH+9cXXvvM7tWS737EahMWxoioutNP8vm13qKgE9g6QxsRKzNDIU9ru5km5cERVmkGD0WHww==",
      "requires": {
        "@popmotion/easing": "1.0.1",
        "framesync": "4.0.1",
        "hey-listen": "1.0.5",
        "style-value-types": "3.0.7"
      }
    },
    "framesync": {
      "version": "4.0.1",
      "resolved": "https://registry.npmjs.org/framesync/-/framesync-4.0.1.tgz",
      "integrity": "sha512-7dF3SXz/xMdwSHFHgj8PV2dAUCFclXWhasAb06rFvAM2pX24m9eDs6X+ikK0kx92w/uIljUi0sBINwcbl0rT2Q==",
      "requires": {
        "hey-listen": "1.0.5"
      }
    },
    "hey-listen": {
      "version": "1.0.5",
      "resolved": "https://registry.npmjs.org/hey-listen/-/hey-listen-1.0.5.tgz",
      "integrity": "sha512-O2iCNxBBGb4hOxL9tUdnoPwDYmZhQ29t5xKV74BVZNdvwCDXCpVYTJ4yoaibc1V0I8Yw3K3nwmvDpoyjnCqUaw=="
    },
    "popmotion": {
      "version": "8.5.0",
      "resolved": "https://registry.npmjs.org/popmotion/-/popmotion-8.5.0.tgz",
      "integrity": "sha512-H/r0vbQO+Zgr4x4zmwiP2GFOCkp7UMd6A4jV66KDXenaH7+qDs+1raC+4QIEAOke/QigJaJ/W39om8vgr0pTOw==",
      "requires": {
        "@popmotion/easing": "1.0.1",
        "@popmotion/popcorn": "0.1.2",
        "framesync": "4.0.1",
        "hey-listen": "1.0.5",
        "style-value-types": "3.0.7",
        "stylefire": "2.2.0",
        "tslib": "1.9.3"
      }
    },
    "style-value-types": {
      "version": "3.0.7",
      "resolved": "https://registry.npmjs.org/style-value-types/-/style-value-types-3.0.7.tgz",
      "integrity": "sha512-7vzeicDiPNnJjvTYfJbQhZ7P3OCkXfvkJOJQ+ifFnXNTA/7KBxMZacHLvlRjM5/TtXbVdrZE6u+2nzSUSPrbSQ=="
    },
    "stylefire": {
      "version": "2.2.0",
      "resolved": "https://registry.npmjs.org/stylefire/-/stylefire-2.2.0.tgz",
      "integrity": "sha512-1NnVMswVJU0dMfUJqZ0RH8OEVq5qFcbICTAugltJwvCoWGlIn0nM88JsPQOALVP0WyN+i/WSZ/ih7HuUMBdgsg==",
      "requires": {
        "framesync": "4.0.1",
        "hey-listen": "1.0.5",
        "style-value-types": "3.0.7",
        "tslib": "1.9.3"
      }
    },
    "tslib": {
      "version": "1.9.3",
      "resolved": "https://registry.npmjs.org/tslib/-/tslib-1.9.3.tgz",
      "integrity": "sha512-4krF8scpejhaOgqzBEcGM7yDIEfi0/8+8zDRZhNZZ2kjmHJ4hv3zCbQWxoJGz1iw5U0Jl0nma13xzHXcncMavQ=="
    }
  }
}
